Microsoft Visual Studio Solution File, Format Version 12.00
# Visual Studio Version 17
VisualStudioVersion = 17.5.2.0
MinimumVisualStudioVersion = 10.0.40219.1
Project("{FAE04EC0-301F-11D3-BF4B-00C04F79EFBC}") = "KrakenImport", "KrakenImport.csproj", "{1E86862B-2742-7F05-0BA7-7B9EAF8BF1F2}"
EndProject
Global
	GlobalSection(SolutionConfigurationPlatforms) = preSolution
		Debug|Any CPU = Debug|Any CPU
		Release|Any CPU = Release|Any CPU
	EndGlobalSection
	GlobalSection(ProjectConfigurationPlatforms) = postSolution
		{1E86862B-2742-7F05-0BA7-7B9EAF8BF1F2}.Debug|Any CPU.ActiveCfg = Debug|Any CPU
		{1E86862B-2742-7F05-0BA7-7B9EAF8BF1F2}.Debug|Any CPU.Build.0 = Debug|Any CPU
		{1E86862B-2742-7F05-0BA7-7B9EAF8BF1F2}.Release|Any CPU.ActiveCfg = Release|Any CPU
		{1E86862B-2742-7F05-0BA7-7B9EAF8BF1F2}.Release|Any CPU.Build.0 = Release|Any CPU
	EndGlobalSection
	GlobalSection(SolutionProperties) = preSolution
		HideSolutionNode = FALSE
	EndGlobalSection
	GlobalSection(ExtensibilityGlobals) = postSolution
		SolutionGuid = {9B899942-7E98-49D2-A46A-3EAE9BA85DF4}
	EndGlobalSection
EndGlobal
